
Microsoft Visual Studio Solution File, Format Version 12.00
# Visual Studio Version 16
VisualStudioVersion = 16.0.29905.134
MinimumVisualStudioVersion = 10.0.40219.1
Project("{FAE04EC0-301F-11D3-BF4B-00C04F79EFBC}") = "JobPortal", "JobPortal\JobPortal.csproj", "{D69D27F3-7FC6-49EB-9BFB-9F766375B475}"
EndProject
Global
	GlobalSection(SolutionConfigurationPlatforms) = preSolution
		Debug|Any CPU = Debug|Any CPU
		Release|Any CPU = Release|Any CPU
	EndGlobalSection
	GlobalSection(ProjectConfigurationPlatforms) = postSolution
		{D69D27F3-7FC6-49EB-9BFB-9F766375B475}.Debug|Any CPU.ActiveCfg = Debug|Any CPU
		{D69D27F3-7FC6-49EB-9BFB-9F766375B475}.Debug|Any CPU.Build.0 = Debug|Any CPU
		{D69D27F3-7FC6-49EB-9BFB-9F766375B475}.Release|Any CPU.ActiveCfg = Release|Any CPU
		{D69D27F3-7FC6-49EB-9BFB-9F766375B475}.Release|Any CPU.Build.0 = Release|Any CPU
	EndGlobalSection
	GlobalSection(SolutionProperties) = preSolution
		HideSolutionNode = FALSE
	EndGlobalSection
	GlobalSection(ExtensibilityGlobals) = postSolution
		SolutionGuid = {86574FA9-C20D-4F77-AB88-2637BA833F2F}
	EndGlobalSection
EndGlobal
